
Microsoft Visual Studio Solution File, Format Version 12.00
# Visual Studio Version 17
VisualStudioVersion = 17.1.32407.343
MinimumVisualStudioVersion = 10.0.40219.1
Project("{FAE04EC0-301F-11D3-BF4B-00C04F79EFBC}") = "JupiterUI", "JupiterUI\JupiterUI.csproj", "{C7D4B06D-BB08-4EAD-B83D-3DE3B5DA0B08}"
EndProject
Global
	GlobalSection(SolutionConfigurationPlatforms) = preSolution
		Debug|Any CPU = Debug|Any CPU
		Release|Any CPU = Release|Any CPU
	EndGlobalSection
	GlobalSection(ProjectConfigurationPlatforms) = postSolution
		{C7D4B06D-BB08-4EAD-B83D-3DE3B5DA0B08}.Debug|Any CPU.ActiveCfg = Debug|Any CPU
		{C7D4B06D-BB08-4EAD-B83D-3DE3B5DA0B08}.Debug|Any CPU.Build.0 = Debug|Any CPU
		{C7D4B06D-BB08-4EAD-B83D-3DE3B5DA0B08}.Release|Any CPU.ActiveCfg = Release|Any CPU
		{C7D4B06D-BB08-4EAD-B83D-3DE3B5DA0B08}.Release|Any CPU.Build.0 = Release|Any CPU
	EndGlobalSection
	GlobalSection(SolutionProperties) = preSolution
		HideSolutionNode = FALSE
	EndGlobalSection
	GlobalSection(ExtensibilityGlobals) = postSolution
		SolutionGuid = {DF24EEC3-92FE-44A7-B321-8C2A685D0355}
	EndGlobalSection
EndGlobal
